
Microsoft Visual Studio Solution File, Format Version 12.00
# Visual Studio Version 16
VisualStudioVersion = 16.0.29911.84
MinimumVisualStudioVersion = 10.0.40219.1
Project("{FAE04EC0-301F-11D3-BF4B-00C04F79EFBC}") = "SQLMerge", "SQLMerge\SQLMerge.csproj", "{0387F107-A19A-4587-82A3-703BD9DAECC8}"
EndProject
Global
	GlobalSection(SolutionConfigurationPlatforms) = preSolution
		Debug|Any CPU = Debug|Any CPU
		Release|Any CPU = Release|Any CPU
	EndGlobalSection
	GlobalSection(ProjectConfigurationPlatforms) = postSolution
		{0387F107-A19A-4587-82A3-703BD9DAECC8}.Debug|Any CPU.ActiveCfg = Debug|x86
		{0387F107-A19A-4587-82A3-703BD9DAECC8}.Release|Any CPU.ActiveCfg = Release|x86
	EndGlobalSection
	GlobalSection(SolutionProperties) = preSolution
		HideSolutionNode = FALSE
	EndGlobalSection
	GlobalSection(ExtensibilityGlobals) = postSolution
		SolutionGuid = {182D7A40-C7D6-44C9-89A8-1B3AFCF88BD0}
	EndGlobalSection
EndGlobal
